
Microsoft Visual Studio Solution File, Format Version 12.00
# Visual Studio 15
VisualStudioVersion = 15.0.28307.168
MinimumVisualStudioVersion = 10.0.40219.1
Project("{FAE04EC0-301F-11D3-BF4B-00C04F79EFBC}") = "Exemplo", "Exemplo\Exemplo.csproj", "{1EA057C3-BB1C-4626-A455-F9BBA93DB121}"
EndProject
Global
	GlobalSection(SolutionConfigurationPlatforms) = preSolution
		Debug|Any CPU = Debug|Any CPU
		Release|Any CPU = Release|Any CPU
	EndGlobalSection
	GlobalSection(ProjectConfigurationPlatforms) = postSolution
		{1EA057C3-BB1C-4626-A455-F9BBA93DB121}.Debug|Any CPU.ActiveCfg = Debug|Any CPU
		{1EA057C3-BB1C-4626-A455-F9BBA93DB121}.Debug|Any CPU.Build.0 = Debug|Any CPU
		{1EA057C3-BB1C-4626-A455-F9BBA93DB121}.Release|Any CPU.ActiveCfg = Release|Any CPU
		{1EA057C3-BB1C-4626-A455-F9BBA93DB121}.Release|Any CPU.Build.0 = Release|Any CPU
	EndGlobalSection
	GlobalSection(SolutionProperties) = preSolution
		HideSolutionNode = FALSE
	EndGlobalSection
	GlobalSection(ExtensibilityGlobals) = postSolution
		SolutionGuid = {4DF19394-ECDD-4CAB-AE16-48BCE1A17BBA}
	EndGlobalSection
EndGlobal
